
Microsoft Visual Studio Solution File, Format Version 12.00
# Visual Studio Version 17
VisualStudioVersion = 17.2.32630.192
MinimumVisualStudioVersion = 10.0.40219.1
Project("{FAE04EC0-301F-11D3-BF4B-00C04F79EFBC}") = "PalindromeWithFloatingInt", "PalindromeWithFloatingInt.csproj", "{367AFC5F-5B61-406B-9032-EB96D455D644}"
EndProject
Global
	GlobalSection(SolutionConfigurationPlatforms) = preSolution
		Debug|Any CPU = Debug|Any CPU
		Release|Any CPU = Release|Any CPU
	EndGlobalSection
	GlobalSection(ProjectConfigurationPlatforms) = postSolution
		{367AFC5F-5B61-406B-9032-EB96D455D644}.Debug|Any CPU.ActiveCfg = Debug|Any CPU
		{367AFC5F-5B61-406B-9032-EB96D455D644}.Debug|Any CPU.Build.0 = Debug|Any CPU
		{367AFC5F-5B61-406B-9032-EB96D455D644}.Release|Any CPU.ActiveCfg = Release|Any CPU
		{367AFC5F-5B61-406B-9032-EB96D455D644}.Release|Any CPU.Build.0 = Release|Any CPU
	EndGlobalSection
	GlobalSection(SolutionProperties) = preSolution
		HideSolutionNode = FALSE
	EndGlobalSection
	GlobalSection(ExtensibilityGlobals) = postSolution
		SolutionGuid = {EE165378-643A-495E-BB85-69E3ECA4E91A}
	EndGlobalSection
EndGlobal
